
Microsoft Visual Studio Solution File, Format Version 12.00
# Visual Studio Version 17
VisualStudioVersion = 17.14.36811.4
MinimumVisualStudioVersion = 10.0.40219.1
Project("{FAE04EC0-301F-11D3-BF4B-00C04F79EFBC}") = "KepsHIM", "KepsHIM.csproj", "{829B8383-911F-457F-86B1-D11770EABA38}"
EndProject
Global
	GlobalSection(SolutionConfigurationPlatforms) = preSolution
		Debug|Any CPU = Debug|Any CPU
		Debug|ARM64 = Debug|ARM64
		Debug|x64 = Debug|x64
		Release|Any CPU = Release|Any CPU
		Release|ARM64 = Release|ARM64
		Release|x64 = Release|x64
	EndGlobalSection
	GlobalSection(ProjectConfigurationPlatforms) = postSolution
		{829B8383-911F-457F-86B1-D11770EABA38}.Debug|Any CPU.ActiveCfg = Debug|Any CPU
		{829B8383-911F-457F-86B1-D11770EABA38}.Debug|Any CPU.Build.0 = Debug|Any CPU
		{829B8383-911F-457F-86B1-D11770EABA38}.Debug|ARM64.ActiveCfg = Debug|ARM64
		{829B8383-911F-457F-86B1-D11770EABA38}.Debug|ARM64.Build.0 = Debug|ARM64
		{829B8383-911F-457F-86B1-D11770EABA38}.Debug|x64.ActiveCfg = Debug|x64
		{829B8383-911F-457F-86B1-D11770EABA38}.Debug|x64.Build.0 = Debug|x64
		{829B8383-911F-457F-86B1-D11770EABA38}.Release|Any CPU.ActiveCfg = Release|Any CPU
		{829B8383-911F-457F-86B1-D11770EABA38}.Release|Any CPU.Build.0 = Release|Any CPU
		{829B8383-911F-457F-86B1-D11770EABA38}.Release|ARM64.ActiveCfg = Release|ARM64
		{829B8383-911F-457F-86B1-D11770EABA38}.Release|ARM64.Build.0 = Release|ARM64
		{829B8383-911F-457F-86B1-D11770EABA38}.Release|x64.ActiveCfg = Release|x64
		{829B8383-911F-457F-86B1-D11770EABA38}.Release|x64.Build.0 = Release|x64
	EndGlobalSection
	GlobalSection(SolutionProperties) = preSolution
		HideSolutionNode = FALSE
	EndGlobalSection
	GlobalSection(ExtensibilityGlobals) = postSolution
		SolutionGuid = {EB8EE501-5A2D-4B4B-BFA1-A51C294F6D5E}
	EndGlobalSection
EndGlobal
